// !$*UTF8*$!
{
	archiveVersion = 1;
	classes = {
	};
	objectVersion = 56;
	objects = {

/* Begin PBXBuildFile section */
		1B0273962ADE18F500B46191 /* InbodyDataInputView.swift in Sources */ = {isa = PBXBuildFile; fileRef = 1B0273952ADE18F500B46191 /* InbodyDataInputView.swift */; };
		1B0273982ADE198B00B46191 /* DoubleInputView.swift in Sources */ = {isa = PBXBuildFile; fileRef = 1B0273972ADE198B00B46191 /* DoubleInputView.swift */; };
		1B02739A2ADE508800B46191 /* LongPressButtonView.swift in Sources */ = {isa = PBXBuildFile; fileRef = 1B0273992ADE508800B46191 /* LongPressButtonView.swift */; };
		1B11B83F2AD66BEF00B0F5DB /* myinbodyApp.swift in Sources */ = {isa = PBXBuildFile; fileRef = 1B11B83E2AD66BEF00B0F5DB /* myinbodyApp.swift */; };
		1B11B8412AD66BEF00B0F5DB /* ContentView.swift in Sources */ = {isa = PBXBuildFile; fileRef = 1B11B8402AD66BEF00B0F5DB /* ContentView.swift */; };
		1B11B8432AD66BF000B0F5DB /* Assets.xcassets in Resources */ = {isa = PBXBuildFile; fileRef = 1B11B8422AD66BF000B0F5DB /* Assets.xcassets */; };
		1B11B8462AD66BF000B0F5DB /* Preview Assets.xcassets in Resources */ = {isa = PBXBuildFile; fileRef = 1B11B8452AD66BF000B0F5DB /* Preview Assets.xcassets */; };
		1B11B84E2AD67EC500B0F5DB /* GoogleService-Info.plist in Resources */ = {isa = PBXBuildFile; fileRef = 1B11B84D2AD67EC500B0F5DB /* GoogleService-Info.plist */; };
		1B11B8512AD67F7400B0F5DB /* FirebaseAnalytics in Frameworks */ = {isa = PBXBuildFile; productRef = 1B11B8502AD67F7400B0F5DB /* FirebaseAnalytics */; };
		1B11B8532AD67F7400B0F5DB /* FirebaseAnalyticsOnDeviceConversion in Frameworks */ = {isa = PBXBuildFile; productRef = 1B11B8522AD67F7400B0F5DB /* FirebaseAnalyticsOnDeviceConversion */; };
		1B11B8552AD67F7400B0F5DB /* FirebaseAnalyticsSwift in Frameworks */ = {isa = PBXBuildFile; productRef = 1B11B8542AD67F7400B0F5DB /* FirebaseAnalyticsSwift */; };
		1B11B8572AD67F7400B0F5DB /* FirebaseAnalyticsWithoutAdIdSupport in Frameworks */ = {isa = PBXBuildFile; productRef = 1B11B8562AD67F7400B0F5DB /* FirebaseAnalyticsWithoutAdIdSupport */; };
		1B11B8592AD67F7400B0F5DB /* FirebaseAppCheck in Frameworks */ = {isa = PBXBuildFile; productRef = 1B11B8582AD67F7400B0F5DB /* FirebaseAppCheck */; };
		1B11B85B2AD67F7400B0F5DB /* FirebaseAppDistribution-Beta in Frameworks */ = {isa = PBXBuildFile; productRef = 1B11B85A2AD67F7400B0F5DB /* FirebaseAppDistribution-Beta */; };
		1B11B85D2AD67F7400B0F5DB /* FirebaseAuth in Frameworks */ = {isa = PBXBuildFile; productRef = 1B11B85C2AD67F7400B0F5DB /* FirebaseAuth */; };
		1B11B85F2AD67F7400B0F5DB /* FirebaseAuthCombine-Community in Frameworks */ = {isa = PBXBuildFile; productRef = 1B11B85E2AD67F7400B0F5DB /* FirebaseAuthCombine-Community */; };
		1B11B8612AD67F7400B0F5DB /* FirebaseCrashlytics in Frameworks */ = {isa = PBXBuildFile; productRef = 1B11B8602AD67F7400B0F5DB /* FirebaseCrashlytics */; };
		1B11B8632AD67F7400B0F5DB /* FirebaseDatabase in Frameworks */ = {isa = PBXBuildFile; productRef = 1B11B8622AD67F7400B0F5DB /* FirebaseDatabase */; };
		1B11B8652AD67F7400B0F5DB /* FirebaseDatabaseSwift in Frameworks */ = {isa = PBXBuildFile; productRef = 1B11B8642AD67F7400B0F5DB /* FirebaseDatabaseSwift */; };
		1B11B8672AD67F7400B0F5DB /* FirebaseDynamicLinks in Frameworks */ = {isa = PBXBuildFile; productRef = 1B11B8662AD67F7400B0F5DB /* FirebaseDynamicLinks */; };
		1B11B8692AD67F7400B0F5DB /* FirebaseFirestore in Frameworks */ = {isa = PBXBuildFile; productRef = 1B11B8682AD67F7400B0F5DB /* FirebaseFirestore */; };
		1B11B86B2AD67F7400B0F5DB /* FirebaseFirestoreCombine-Community in Frameworks */ = {isa = PBXBuildFile; productRef = 1B11B86A2AD67F7400B0F5DB /* FirebaseFirestoreCombine-Community */; };
		1B11B86D2AD67F7400B0F5DB /* FirebaseFirestoreSwift in Frameworks */ = {isa = PBXBuildFile; productRef = 1B11B86C2AD67F7400B0F5DB /* FirebaseFirestoreSwift */; };
		1B11B86F2AD67F7400B0F5DB /* FirebaseFunctions in Frameworks */ = {isa = PBXBuildFile; productRef = 1B11B86E2AD67F7400B0F5DB /* FirebaseFunctions */; };
		1B11B8712AD67F7400B0F5DB /* FirebaseFunctionsCombine-Community in Frameworks */ = {isa = PBXBuildFile; productRef = 1B11B8702AD67F7400B0F5DB /* FirebaseFunctionsCombine-Community */; };
		1B11B8732AD67F7400B0F5DB /* FirebaseInAppMessaging-Beta in Frameworks */ = {isa = PBXBuildFile; productRef = 1B11B8722AD67F7400B0F5DB /* FirebaseInAppMessaging-Beta */; };
		1B11B8752AD67F7400B0F5DB /* FirebaseInAppMessagingSwift-Beta in Frameworks */ = {isa = PBXBuildFile; productRef = 1B11B8742AD67F7400B0F5DB /* FirebaseInAppMessagingSwift-Beta */; };
		1B11B8772AD67F7400B0F5DB /* FirebaseInstallations in Frameworks */ = {isa = PBXBuildFile; productRef = 1B11B8762AD67F7400B0F5DB /* FirebaseInstallations */; };
		1B11B8792AD67F7400B0F5DB /* FirebaseMLModelDownloader in Frameworks */ = {isa = PBXBuildFile; productRef = 1B11B8782AD67F7400B0F5DB /* FirebaseMLModelDownloader */; };
		1B11B87B2AD67F7400B0F5DB /* FirebaseMessaging in Frameworks */ = {isa = PBXBuildFile; productRef = 1B11B87A2AD67F7400B0F5DB /* FirebaseMessaging */; };
		1B11B87D2AD67F7400B0F5DB /* FirebasePerformance in Frameworks */ = {isa = PBXBuildFile; productRef = 1B11B87C2AD67F7400B0F5DB /* FirebasePerformance */; };
		1B11B87F2AD67F7400B0F5DB /* FirebaseRemoteConfig in Frameworks */ = {isa = PBXBuildFile; productRef = 1B11B87E2AD67F7400B0F5DB /* FirebaseRemoteConfig */; };
		1B11B8812AD67F7400B0F5DB /* FirebaseRemoteConfigSwift in Frameworks */ = {isa = PBXBuildFile; productRef = 1B11B8802AD67F7400B0F5DB /* FirebaseRemoteConfigSwift */; };
		1B11B8832AD67F7400B0F5DB /* FirebaseStorage in Frameworks */ = {isa = PBXBuildFile; productRef = 1B11B8822AD67F7400B0F5DB /* FirebaseStorage */; };
		1B11B8852AD67F7400B0F5DB /* FirebaseStorageCombine-Community in Frameworks */ = {isa = PBXBuildFile; productRef = 1B11B8842AD67F7400B0F5DB /* FirebaseStorageCombine-Community */; };
		1B11B8882AD682C700B0F5DB /* GoogleSignIn in Frameworks */ = {isa = PBXBuildFile; productRef = 1B11B8872AD682C700B0F5DB /* GoogleSignIn */; };
		1B11B88A2AD682C700B0F5DB /* GoogleSignInSwift in Frameworks */ = {isa = PBXBuildFile; productRef = 1B11B8892AD682C700B0F5DB /* GoogleSignInSwift */; };
		1B11B88D2AD6848200B0F5DB /* AuthManager.swift in Sources */ = {isa = PBXBuildFile; fileRef = 1B11B88C2AD6848200B0F5DB /* AuthManager.swift */; };
		1B11B8902AD684FB00B0F5DB /* UIApplication+Extensions.swift in Sources */ = {isa = PBXBuildFile; fileRef = 1B11B88F2AD684FB00B0F5DB /* UIApplication+Extensions.swift */; };
		1B11B8922AD6884800B0F5DB /* SignInView.swift in Sources */ = {isa = PBXBuildFile; fileRef = 1B11B8912AD6884800B0F5DB /* SignInView.swift */; };
		1B11B8952AD7BAB800B0F5DB /* Localizable.strings in Resources */ = {isa = PBXBuildFile; fileRef = 1B11B8972AD7BAB800B0F5DB /* Localizable.strings */; };
		1B1BF5082AEA1D37003E2F74 /* Launch Screen.storyboard in Resources */ = {isa = PBXBuildFile; fileRef = 1B1BF5072AEA1D37003E2F74 /* Launch Screen.storyboard */; };
		1B65845E2ADF7021003C3A6F /* NumberInputView.swift in Sources */ = {isa = PBXBuildFile; fileRef = 1B65845D2ADF7021003C3A6F /* NumberInputView.swift */; };
		1B6584602ADF739E003C3A6F /* String+Extensions.swift in Sources */ = {isa = PBXBuildFile; fileRef = 1B65845F2ADF739E003C3A6F /* String+Extensions.swift */; };
		1B6584622ADFB0C0003C3A6F /* InbodyChartView.swift in Sources */ = {isa = PBXBuildFile; fileRef = 1B6584612ADFB0C0003C3A6F /* InbodyChartView.swift */; };
		1B695C942AE8DA8C00A497D7 /* AnimatedImageView.swift in Sources */ = {isa = PBXBuildFile; fileRef = 1B695C932AE8DA8C00A497D7 /* AnimatedImageView.swift */; };
		1B97E53A2AD91051007EC45B /* ImageTextView.swift in Sources */ = {isa = PBXBuildFile; fileRef = 1B97E5392AD91051007EC45B /* ImageTextView.swift */; };
		1B97E53C2AD91319007EC45B /* ProfileDetailView.swift in Sources */ = {isa = PBXBuildFile; fileRef = 1B97E53B2AD91319007EC45B /* ProfileDetailView.swift */; };
		1B97E53E2AD91937007EC45B /* UpdateProfileView.swift in Sources */ = {isa = PBXBuildFile; fileRef = 1B97E53D2AD91937007EC45B /* UpdateProfileView.swift */; };
		1B97E5402AD922D3007EC45B /* TitleTextFieldView.swift in Sources */ = {isa = PBXBuildFile; fileRef = 1B97E53F2AD922D3007EC45B /* TitleTextFieldView.swift */; };
		1B97E5422AD92EEB007EC45B /* PhotoPickerView.swift in Sources */ = {isa = PBXBuildFile; fileRef = 1B97E5412AD92EEB007EC45B /* PhotoPickerView.swift */; };
		1B97E5442AD9338D007EC45B /* FirebaseStorageHelper.swift in Sources */ = {isa = PBXBuildFile; fileRef = 1B97E5432AD9338D007EC45B /* FirebaseStorageHelper.swift */; };
		1B97E5462AD9346E007EC45B /* FirestorageDownloadUrlCacheModel.swift in Sources */ = {isa = PBXBuildFile; fileRef = 1B97E5452AD9346E007EC45B /* FirestorageDownloadUrlCacheModel.swift */; };
		1B97E5492ADCC62B007EC45B /* AlamofireImage in Frameworks */ = {isa = PBXBuildFile; productRef = 1B97E5482ADCC62B007EC45B /* AlamofireImage */; };
		1B97E54C2ADCD32B007EC45B /* CachedAsyncImage in Frameworks */ = {isa = PBXBuildFile; productRef = 1B97E54B2ADCD32B007EC45B /* CachedAsyncImage */; };
		1B97E54E2ADCD3B1007EC45B /* ProfileImageView.swift in Sources */ = {isa = PBXBuildFile; fileRef = 1B97E54D2ADCD3B1007EC45B /* ProfileImageView.swift */; };
		1BACDCFE2ADCFC30000E3AFE /* ActivityIndicatorView in Frameworks */ = {isa = PBXBuildFile; productRef = 1BACDCFD2ADCFC30000E3AFE /* ActivityIndicatorView */; };
		1BACDD022ADD14AC000E3AFE /* CustomError.swift in Sources */ = {isa = PBXBuildFile; fileRef = 1BACDD012ADD14AC000E3AFE /* CustomError.swift */; };
		1BACDD042ADE12C7000E3AFE /* InbodyModel.swift in Sources */ = {isa = PBXBuildFile; fileRef = 1BACDD032ADE12C7000E3AFE /* InbodyModel.swift */; };
		1BCEFAD02AE639F300C91BD0 /* DataDetailView.swift in Sources */ = {isa = PBXBuildFile; fileRef = 1BCEFACF2AE639F300C91BD0 /* DataDetailView.swift */; };
		1BDF27C42AE0C1D800D32183 /* Date+Extensions.swift in Sources */ = {isa = PBXBuildFile; fileRef = 1BDF27C32AE0C1D800D32183 /* Date+Extensions.swift */; };
		1BFACFE42AD7C9EB00AA106C /* HomeView.swift in Sources */ = {isa = PBXBuildFile; fileRef = 1BFACFE32AD7C9EB00AA106C /* HomeView.swift */; };
		1BFACFE82AD7D30F00AA106C /* ProfileModel.swift in Sources */ = {isa = PBXBuildFile; fileRef = 1BFACFE72AD7D30F00AA106C /* ProfileModel.swift */; };
		1BFACFEB2AD7D33D00AA106C /* Realm in Frameworks */ = {isa = PBXBuildFile; productRef = 1BFACFEA2AD7D33D00AA106C /* Realm */; };
		1BFACFED2AD7D33D00AA106C /* RealmSwift in Frameworks */ = {isa = PBXBuildFile; productRef = 1BFACFEC2AD7D33D00AA106C /* RealmSwift */; };
		1BFACFF02AD7D3E700AA106C /* Realm+Extensions.swift in Sources */ = {isa = PBXBuildFile; fileRef = 1BFACFEF2AD7D3E700AA106C /* Realm+Extensions.swift */; };
		1BFACFF22AD7D44300AA106C /* Realm.Object+Extensions.swift in Sources */ = {isa = PBXBuildFile; fileRef = 1BFACFF12AD7D44300AA106C /* Realm.Object+Extensions.swift */; };
		1BFACFF52AD7D55600AA106C /* FirebaseFirestoreHelper.swift in Sources */ = {isa = PBXBuildFile; fileRef = 1BFACFF42AD7D55600AA106C /* FirebaseFirestoreHelper.swift */; };
		1BFACFF72AD7D79F00AA106C /* CreateProfileView.swift in Sources */ = {isa = PBXBuildFile; fileRef = 1BFACFF62AD7D79F00AA106C /* CreateProfileView.swift */; };
		1BFACFF92AD7E09900AA106C /* ProfileListView.swift in Sources */ = {isa = PBXBuildFile; fileRef = 1BFACFF82AD7E09900AA106C /* ProfileListView.swift */; };
/* End PBXBuildFile section */

/* Begin PBXFileReference section */
		1B0273952ADE18F500B46191 /* InbodyDataInputView.swift */ = {isa = PBXFileReference; lastKnownFileType = sourcecode.swift; path = InbodyDataInputView.swift; sourceTree = "<group>"; };
		1B0273972ADE198B00B46191 /* DoubleInputView.swift */ = {isa = PBXFileReference; lastKnownFileType = sourcecode.swift; path = DoubleInputView.swift; sourceTree = "<group>"; };
		1B0273992ADE508800B46191 /* LongPressButtonView.swift */ = {isa = PBXFileReference; lastKnownFileType = sourcecode.swift; path = LongPressButtonView.swift; sourceTree = "<group>"; };
		1B11B83B2AD66BEF00B0F5DB /* myinbody.app */ = {isa = PBXFileReference; explicitFileType = wrapper.application; includeInIndex = 0; path = myinbody.app; sourceTree = BUILT_PRODUCTS_DIR; };
		1B11B83E2AD66BEF00B0F5DB /* myinbodyApp.swift */ = {isa = PBXFileReference; lastKnownFileType = sourcecode.swift; path = myinbodyApp.swift; sourceTree = "<group>"; };
		1B11B8402AD66BEF00B0F5DB /* ContentView.swift */ = {isa = PBXFileReference; lastKnownFileType = sourcecode.swift; path = ContentView.swift; sourceTree = "<group>"; };
		1B11B8422AD66BF000B0F5DB /* Assets.xcassets */ = {isa = PBXFileReference; lastKnownFileType = folder.assetcatalog; path = Assets.xcassets; sourceTree = "<group>"; };
		1B11B8452AD66BF000B0F5DB /* Preview Assets.xcassets */ = {isa = PBXFileReference; lastKnownFileType = folder.assetcatalog; path = "Preview Assets.xcassets"; sourceTree = "<group>"; };
		1B11B84C2AD675FA00B0F5DB /* Info.plist */ = {isa = PBXFileReference; lastKnownFileType = text.plist; path = Info.plist; sourceTree = "<group>"; };
		1B11B84D2AD67EC500B0F5DB /* GoogleService-Info.plist */ = {isa = PBXFileReference; fileEncoding = 4; lastKnownFileType = text.plist.xml; path = "GoogleService-Info.plist"; sourceTree = "<group>"; };
		1B11B88B2AD6831900B0F5DB /* myinbody.entitlements */ = {isa = PBXFileReference; lastKnownFileType = text.plist.entitlements; path = myinbody.entitlements; sourceTree = "<group>"; };
		1B11B88C2AD6848200B0F5DB /* AuthManager.swift */ = {isa = PBXFileReference; fileEncoding = 4; lastKnownFileType = sourcecode.swift; path = AuthManager.swift; sourceTree = "<group>"; };
		1B11B88F2AD684FB00B0F5DB /* UIApplication+Extensions.swift */ = {isa = PBXFileReference; lastKnownFileType = sourcecode.swift; path = "UIApplication+Extensions.swift"; sourceTree = "<group>"; };
		1B11B8912AD6884800B0F5DB /* SignInView.swift */ = {isa = PBXFileReference; lastKnownFileType = sourcecode.swift; path = SignInView.swift; sourceTree = "<group>"; };
		1B11B8962AD7BAB800B0F5DB /* en */ = {isa = PBXFileReference; lastKnownFileType = text.plist.strings; name = en; path = en.lproj/Localizable.strings; sourceTree = "<group>"; };
		1B11B8982AD7BAB900B0F5DB /* ko */ = {isa = PBXFileReference; lastKnownFileType = text.plist.strings; name = ko; path = ko.lproj/Localizable.strings; sourceTree = "<group>"; };
		1B1BF5072AEA1D37003E2F74 /* Launch Screen.storyboard */ = {isa = PBXFileReference; lastKnownFileType = file.storyboard; path = "Launch Screen.storyboard"; sourceTree = "<group>"; };
		1B65845D2ADF7021003C3A6F /* NumberInputView.swift */ = {isa = PBXFileReference; lastKnownFileType = sourcecode.swift; path = NumberInputView.swift; sourceTree = "<group>"; };
		1B65845F2ADF739E003C3A6F /* String+Extensions.swift */ = {isa = PBXFileReference; lastKnownFileType = sourcecode.swift; path = "String+Extensions.swift"; sourceTree = "<group>"; };
		1B6584612ADFB0C0003C3A6F /* InbodyChartView.swift */ = {isa = PBXFileReference; lastKnownFileType = sourcecode.swift; path = InbodyChartView.swift; sourceTree = "<group>"; };
		1B695C932AE8DA8C00A497D7 /* AnimatedImageView.swift */ = {isa = PBXFileReference; lastKnownFileType = sourcecode.swift; path = AnimatedImageView.swift; sourceTree = "<group>"; };
		1B97E5392AD91051007EC45B /* ImageTextView.swift */ = {isa = PBXFileReference; lastKnownFileType = sourcecode.swift; path = ImageTextView.swift; sourceTree = "<group>"; };
		1B97E53B2AD91319007EC45B /* ProfileDetailView.swift */ = {isa = PBXFileReference; lastKnownFileType = sourcecode.swift; path = ProfileDetailView.swift; sourceTree = "<group>"; };
		1B97E53D2AD91937007EC45B /* UpdateProfileView.swift */ = {isa = PBXFileReference; lastKnownFileType = sourcecode.swift; path = UpdateProfileView.swift; sourceTree = "<group>"; };
		1B97E53F2AD922D3007EC45B /* TitleTextFieldView.swift */ = {isa = PBXFileReference; lastKnownFileType = sourcecode.swift; path = TitleTextFieldView.swift; sourceTree = "<group>"; };
		1B97E5412AD92EEB007EC45B /* PhotoPickerView.swift */ = {isa = PBXFileReference; lastKnownFileType = sourcecode.swift; path = PhotoPickerView.swift; sourceTree = "<group>"; };
		1B97E5432AD9338D007EC45B /* FirebaseStorageHelper.swift */ = {isa = PBXFileReference; fileEncoding = 4; lastKnownFileType = sourcecode.swift; path = FirebaseStorageHelper.swift; sourceTree = "<group>"; };
		1B97E5452AD9346E007EC45B /* FirestorageDownloadUrlCacheModel.swift */ = {isa = PBXFileReference; fileEncoding = 4; lastKnownFileType = sourcecode.swift; path = FirestorageDownloadUrlCacheModel.swift; sourceTree = "<group>"; };
		1B97E54D2ADCD3B1007EC45B /* ProfileImageView.swift */ = {isa = PBXFileReference; lastKnownFileType = sourcecode.swift; path = ProfileImageView.swift; sourceTree = "<group>"; };
		1BACDD012ADD14AC000E3AFE /* CustomError.swift */ = {isa = PBXFileReference; lastKnownFileType = sourcecode.swift; path = CustomError.swift; sourceTree = "<group>"; };
		1BACDD032ADE12C7000E3AFE /* InbodyModel.swift */ = {isa = PBXFileReference; lastKnownFileType = sourcecode.swift; path = InbodyModel.swift; sourceTree = "<group>"; };
		1BCEFACF2AE639F300C91BD0 /* DataDetailView.swift */ = {isa = PBXFileReference; lastKnownFileType = sourcecode.swift; path = DataDetailView.swift; sourceTree = "<group>"; };
		1BDF27C32AE0C1D800D32183 /* Date+Extensions.swift */ = {isa = PBXFileReference; lastKnownFileType = sourcecode.swift; path = "Date+Extensions.swift"; sourceTree = "<group>"; };
		1BFACFE32AD7C9EB00AA106C /* HomeView.swift */ = {isa = PBXFileReference; lastKnownFileType = sourcecode.swift; path = HomeView.swift; sourceTree = "<group>"; };
		1BFACFE72AD7D30F00AA106C /* ProfileModel.swift */ = {isa = PBXFileReference; lastKnownFileType = sourcecode.swift; path = ProfileModel.swift; sourceTree = "<group>"; };
		1BFACFEF2AD7D3E700AA106C /* Realm+Extensions.swift */ = {isa = PBXFileReference; fileEncoding = 4; lastKnownFileType = sourcecode.swift; path = "Realm+Extensions.swift"; sourceTree = "<group>"; };
		1BFACFF12AD7D44300AA106C /* Realm.Object+Extensions.swift */ = {isa = PBXFileReference; fileEncoding = 4; lastKnownFileType = sourcecode.swift; path = "Realm.Object+Extensions.swift"; sourceTree = "<group>"; };
		1BFACFF42AD7D55600AA106C /* FirebaseFirestoreHelper.swift */ = {isa = PBXFileReference; fileEncoding = 4; lastKnownFileType = sourcecode.swift; path = FirebaseFirestoreHelper.swift; sourceTree = "<group>"; };
		1BFACFF62AD7D79F00AA106C /* CreateProfileView.swift */ = {isa = PBXFileReference; lastKnownFileType = sourcecode.swift; path = CreateProfileView.swift; sourceTree = "<group>"; };
		1BFACFF82AD7E09900AA106C /* ProfileListView.swift */ = {isa = PBXFileReference; lastKnownFileType = sourcecode.swift; path = ProfileListView.swift; sourceTree = "<group>"; };
/* End PBXFileReference section */

/* Begin PBXFrameworksBuildPhase section */
		1B11B8382AD66BEF00B0F5DB /* Frameworks */ = {
			isa = PBXFrameworksBuildPhase;
			buildActionMask = 2147483647;
			files = (
				1B11B8632AD67F7400B0F5DB /* FirebaseDatabase in Frameworks */,
				1B97E5492ADCC62B007EC45B /* AlamofireImage in Frameworks */,
				1B11B8712AD67F7400B0F5DB /* FirebaseFunctionsCombine-Community in Frameworks */,
				1B11B8692AD67F7400B0F5DB /* FirebaseFirestore in Frameworks */,
				1B11B8552AD67F7400B0F5DB /* FirebaseAnalyticsSwift in Frameworks */,
				1B11B8512AD67F7400B0F5DB /* FirebaseAnalytics in Frameworks */,
				1B11B8532AD67F7400B0F5DB /* FirebaseAnalyticsOnDeviceConversion in Frameworks */,
				1B11B8792AD67F7400B0F5DB /* FirebaseMLModelDownloader in Frameworks */,
				1B11B88A2AD682C700B0F5DB /* GoogleSignInSwift in Frameworks */,
				1B11B86D2AD67F7400B0F5DB /* FirebaseFirestoreSwift in Frameworks */,
				1B11B8592AD67F7400B0F5DB /* FirebaseAppCheck in Frameworks */,
				1B11B8572AD67F7400B0F5DB /* FirebaseAnalyticsWithoutAdIdSupport in Frameworks */,
				1B11B85D2AD67F7400B0F5DB /* FirebaseAuth in Frameworks */,
				1B11B8612AD67F7400B0F5DB /* FirebaseCrashlytics in Frameworks */,
				1B11B8812AD67F7400B0F5DB /* FirebaseRemoteConfigSwift in Frameworks */,
				1B11B8882AD682C700B0F5DB /* GoogleSignIn in Frameworks */,
				1B11B8732AD67F7400B0F5DB /* FirebaseInAppMessaging-Beta in Frameworks */,
				1B11B8652AD67F7400B0F5DB /* FirebaseDatabaseSwift in Frameworks */,
				1B11B86F2AD67F7400B0F5DB /* FirebaseFunctions in Frameworks */,
				1B11B8852AD67F7400B0F5DB /* FirebaseStorageCombine-Community in Frameworks */,
				1B11B87F2AD67F7400B0F5DB /* FirebaseRemoteConfig in Frameworks */,
				1B97E54C2ADCD32B007EC45B /* CachedAsyncImage in Frameworks */,
				1BACDCFE2ADCFC30000E3AFE /* ActivityIndicatorView in Frameworks */,
				1B11B85B2AD67F7400B0F5DB /* FirebaseAppDistribution-Beta in Frameworks */,
				1B11B85F2AD67F7400B0F5DB /* FirebaseAuthCombine-Community in Frameworks */,
				1B11B87D2AD67F7400B0F5DB /* FirebasePerformance in Frameworks */,
				1B11B8752AD67F7400B0F5DB /* FirebaseInAppMessagingSwift-Beta in Frameworks */,
				1BFACFEB2AD7D33D00AA106C /* Realm in Frameworks */,
				1B11B8832AD67F7400B0F5DB /* FirebaseStorage in Frameworks */,
				1B11B8672AD67F7400B0F5DB /* FirebaseDynamicLinks in Frameworks */,
				1B11B86B2AD67F7400B0F5DB /* FirebaseFirestoreCombine-Community in Frameworks */,
				1B11B87B2AD67F7400B0F5DB /* FirebaseMessaging in Frameworks */,
				1BFACFED2AD7D33D00AA106C /* RealmSwift in Frameworks */,
				1B11B8772AD67F7400B0F5DB /* FirebaseInstallations in Frameworks */,
			);
			runOnlyForDeploymentPostprocessing = 0;
		};
/* End PBXFrameworksBuildPhase section */

/* Begin PBXGroup section */
		1B11B8322AD66BEF00B0F5DB = {
			isa = PBXGroup;
			children = (
				1B11B83D2AD66BEF00B0F5DB /* myinbody */,
				1B11B83C2AD66BEF00B0F5DB /* Products */,
			);
			sourceTree = "<group>";
		};
		1B11B83C2AD66BEF00B0F5DB /* Products */ = {
			isa = PBXGroup;
			children = (
				1B11B83B2AD66BEF00B0F5DB /* myinbody.app */,
			);
			name = Products;
			sourceTree = "<group>";
		};
		1B11B83D2AD66BEF00B0F5DB /* myinbody */ = {
			isa = PBXGroup;
			children = (
				1BFACFF32AD7D54B00AA106C /* Firebase */,
				1BFACFE62AD7D2B400AA106C /* Model */,
				1B11B88B2AD6831900B0F5DB /* myinbody.entitlements */,
				1B11B84C2AD675FA00B0F5DB /* Info.plist */,
				1B11B84D2AD67EC500B0F5DB /* GoogleService-Info.plist */,
				1B11B83E2AD66BEF00B0F5DB /* myinbodyApp.swift */,
				1B11B88E2AD684DD00B0F5DB /* Extensions */,
				1BFACFE52AD7C9F700AA106C /* View */,
				1B11B88C2AD6848200B0F5DB /* AuthManager.swift */,
				1B11B8972AD7BAB800B0F5DB /* Localizable.strings */,
				1B11B8422AD66BF000B0F5DB /* Assets.xcassets */,
				1B11B8442AD66BF000B0F5DB /* Preview Content */,
				1BACDD012ADD14AC000E3AFE /* CustomError.swift */,
				1B1BF5072AEA1D37003E2F74 /* Launch Screen.storyboard */,
			);
			path = myinbody;
			sourceTree = "<group>";
		};
		1B11B8442AD66BF000B0F5DB /* Preview Content */ = {
			isa = PBXGroup;
			children = (
				1B11B8452AD66BF000B0F5DB /* Preview Assets.xcassets */,
			);
			path = "Preview Content";
			sourceTree = "<group>";
		};
		1B11B88E2AD684DD00B0F5DB /* Extensions */ = {
			isa = PBXGroup;
			children = (
				1BFACFF12AD7D44300AA106C /* Realm.Object+Extensions.swift */,
				1BFACFEF2AD7D3E700AA106C /* Realm+Extensions.swift */,
				1B11B88F2AD684FB00B0F5DB /* UIApplication+Extensions.swift */,
				1B65845F2ADF739E003C3A6F /* String+Extensions.swift */,
				1BDF27C32AE0C1D800D32183 /* Date+Extensions.swift */,
			);
			path = Extensions;
			sourceTree = "<group>";
		};
		1BFACFE52AD7C9F700AA106C /* View */ = {
			isa = PBXGroup;
			children = (
				1B11B8402AD66BEF00B0F5DB /* ContentView.swift */,
				1B695C932AE8DA8C00A497D7 /* AnimatedImageView.swift */,
				1BFACFF82AD7E09900AA106C /* ProfileListView.swift */,
				1BFACFE32AD7C9EB00AA106C /* HomeView.swift */,
				1B11B8912AD6884800B0F5DB /* SignInView.swift */,
				1BFACFF62AD7D79F00AA106C /* CreateProfileView.swift */,
				1B97E53D2AD91937007EC45B /* UpdateProfileView.swift */,
				1B97E53B2AD91319007EC45B /* ProfileDetailView.swift */,
				1B97E54D2ADCD3B1007EC45B /* ProfileImageView.swift */,
				1B97E5392AD91051007EC45B /* ImageTextView.swift */,
				1B97E53F2AD922D3007EC45B /* TitleTextFieldView.swift */,
				1B97E5412AD92EEB007EC45B /* PhotoPickerView.swift */,
				1B0273952ADE18F500B46191 /* InbodyDataInputView.swift */,
				1B0273972ADE198B00B46191 /* DoubleInputView.swift */,
				1B0273992ADE508800B46191 /* LongPressButtonView.swift */,
				1B65845D2ADF7021003C3A6F /* NumberInputView.swift */,
				1B6584612ADFB0C0003C3A6F /* InbodyChartView.swift */,
				1BCEFACF2AE639F300C91BD0 /* DataDetailView.swift */,
			);
			path = View;
			sourceTree = "<group>";
		};
		1BFACFE62AD7D2B400AA106C /* Model */ = {
			isa = PBXGroup;
			children = (
				1B97E5452AD9346E007EC45B /* FirestorageDownloadUrlCacheModel.swift */,
				1BFACFE72AD7D30F00AA106C /* ProfileModel.swift */,
				1BACDD032ADE12C7000E3AFE /* InbodyModel.swift */,
			);
			path = Model;
			sourceTree = "<group>";
		};
		1BFACFF32AD7D54B00AA106C /* Firebase */ = {
			isa = PBXGroup;
			children = (
				1B97E5432AD9338D007EC45B /* FirebaseStorageHelper.swift */,
				1BFACFF42AD7D55600AA106C /* FirebaseFirestoreHelper.swift */,
			);
			path = Firebase;
			sourceTree = "<group>";
		};
/* End PBXGroup section */

/* Begin PBXNativeTarget section */
		1B11B83A2AD66BEF00B0F5DB /* myinbody */ = {
			isa = PBXNativeTarget;
			buildConfigurationList = 1B11B8492AD66BF000B0F5DB /* Build configuration list for PBXNativeTarget "myinbody" */;
			buildPhases = (
				1B11B8372AD66BEF00B0F5DB /* Sources */,
				1B11B8382AD66BEF00B0F5DB /* Frameworks */,
				1B11B8392AD66BEF00B0F5DB /* Resources */,
			);
			buildRules = (
			);
			dependencies = (
			);
			name = myinbody;
			packageProductDependencies = (
				1B11B8502AD67F7400B0F5DB /* FirebaseAnalytics */,
				1B11B8522AD67F7400B0F5DB /* FirebaseAnalyticsOnDeviceConversion */,
				1B11B8542AD67F7400B0F5DB /* FirebaseAnalyticsSwift */,
				1B11B8562AD67F7400B0F5DB /* FirebaseAnalyticsWithoutAdIdSupport */,
				1B11B8582AD67F7400B0F5DB /* FirebaseAppCheck */,
				1B11B85A2AD67F7400B0F5DB /* FirebaseAppDistribution-Beta */,
				1B11B85C2AD67F7400B0F5DB /* FirebaseAuth */,
				1B11B85E2AD67F7400B0F5DB /* FirebaseAuthCombine-Community */,
				1B11B8602AD67F7400B0F5DB /* FirebaseCrashlytics */,
				1B11B8622AD67F7400B0F5DB /* FirebaseDatabase */,
				1B11B8642AD67F7400B0F5DB /* FirebaseDatabaseSwift */,
				1B11B8662AD67F7400B0F5DB /* FirebaseDynamicLinks */,
				1B11B8682AD67F7400B0F5DB /* FirebaseFirestore */,
				1B11B86A2AD67F7400B0F5DB /* FirebaseFirestoreCombine-Community */,
				1B11B86C2AD67F7400B0F5DB /* FirebaseFirestoreSwift */,
				1B11B86E2AD67F7400B0F5DB /* FirebaseFunctions */,
				1B11B8702AD67F7400B0F5DB /* FirebaseFunctionsCombine-Community */,
				1B11B8722AD67F7400B0F5DB /* FirebaseInAppMessaging-Beta */,
				1B11B8742AD67F7400B0F5DB /* FirebaseInAppMessagingSwift-Beta */,
				1B11B8762AD67F7400B0F5DB /* FirebaseInstallations */,
				1B11B8782AD67F7400B0F5DB /* FirebaseMLModelDownloader */,
				1B11B87A2AD67F7400B0F5DB /* FirebaseMessaging */,
				1B11B87C2AD67F7400B0F5DB /* FirebasePerformance */,
				1B11B87E2AD67F7400B0F5DB /* FirebaseRemoteConfig */,
				1B11B8802AD67F7400B0F5DB /* FirebaseRemoteConfigSwift */,
				1B11B8822AD67F7400B0F5DB /* FirebaseStorage */,
				1B11B8842AD67F7400B0F5DB /* FirebaseStorageCombine-Community */,
				1B11B8872AD682C700B0F5DB /* GoogleSignIn */,
				1B11B8892AD682C700B0F5DB /* GoogleSignInSwift */,
				1BFACFEA2AD7D33D00AA106C /* Realm */,
				1BFACFEC2AD7D33D00AA106C /* RealmSwift */,
				1B97E5482ADCC62B007EC45B /* AlamofireImage */,
				1B97E54B2ADCD32B007EC45B /* CachedAsyncImage */,
				1BACDCFD2ADCFC30000E3AFE /* ActivityIndicatorView */,
			);
			productName = myinbody;
			productReference = 1B11B83B2AD66BEF00B0F5DB /* myinbody.app */;
			productType = "com.apple.product-type.application";
		};
/* End PBXNativeTarget section */

/* Begin PBXProject section */
		1B11B8332AD66BEF00B0F5DB /* Project object */ = {
			isa = PBXProject;
			attributes = {
				BuildIndependentTargetsInParallel = 1;
				LastSwiftUpdateCheck = 1500;
				LastUpgradeCheck = 1500;
				TargetAttributes = {
					1B11B83A2AD66BEF00B0F5DB = {
						CreatedOnToolsVersion = 15.0;
					};
				};
			};
			buildConfigurationList = 1B11B8362AD66BEF00B0F5DB /* Build configuration list for PBXProject "myinbody" */;
			compatibilityVersion = "Xcode 14.0";
			developmentRegion = en;
			hasScannedForEncodings = 0;
			knownRegions = (
				en,
				Base,
				ko,
			);
			mainGroup = 1B11B8322AD66BEF00B0F5DB;
			packageReferences = (
				1B11B84F2AD67F7400B0F5DB /* XCRemoteSwiftPackageReference "firebase-ios-sdk" */,
				1B11B8862AD682C700B0F5DB /* XCRemoteSwiftPackageReference "GoogleSignIn-ios" */,
				1BFACFE92AD7D33D00AA106C /* XCRemoteSwiftPackageReference "realm-swift" */,
				1B97E5472ADCC62B007EC45B /* XCRemoteSwiftPackageReference "AlamofireImage" */,
				1B97E54A2ADCD32B007EC45B /* XCRemoteSwiftPackageReference "swiftui-cached-async-image" */,
				1BACDCFC2ADCFC2F000E3AFE /* XCRemoteSwiftPackageReference "ActivityIndicatorView" */,
			);
			productRefGroup = 1B11B83C2AD66BEF00B0F5DB /* Products */;
			projectDirPath = "";
			projectRoot = "";
			targets = (
				1B11B83A2AD66BEF00B0F5DB /* myinbody */,
			);
		};
/* End PBXProject section */

/* Begin PBXResourcesBuildPhase section */
		1B11B8392AD66BEF00B0F5DB /* Resources */ = {
			isa = PBXResourcesBuildPhase;
			buildActionMask = 2147483647;
			files = (
				1B11B8462AD66BF000B0F5DB /* Preview Assets.xcassets in Resources */,
				1B11B8952AD7BAB800B0F5DB /* Localizable.strings in Resources */,
				1B11B8432AD66BF000B0F5DB /* Assets.xcassets in Resources */,
				1B1BF5082AEA1D37003E2F74 /* Launch Screen.storyboard in Resources */,
				1B11B84E2AD67EC500B0F5DB /* GoogleService-Info.plist in Resources */,
			);
			runOnlyForDeploymentPostprocessing = 0;
		};
/* End PBXResourcesBuildPhase section */

/* Begin PBXSourcesBuildPhase section */
		1B11B8372AD66BEF00B0F5DB /* Sources */ = {
			isa = PBXSourcesBuildPhase;
			buildActionMask = 2147483647;
			files = (
				1B97E53A2AD91051007EC45B /* ImageTextView.swift in Sources */,
				1B11B8412AD66BEF00B0F5DB /* ContentView.swift in Sources */,
				1BACDD042ADE12C7000E3AFE /* InbodyModel.swift in Sources */,
				1B11B88D2AD6848200B0F5DB /* AuthManager.swift in Sources */,
				1B11B8902AD684FB00B0F5DB /* UIApplication+Extensions.swift in Sources */,
				1B97E5442AD9338D007EC45B /* FirebaseStorageHelper.swift in Sources */,
				1B6584622ADFB0C0003C3A6F /* InbodyChartView.swift in Sources */,
				1B0273962ADE18F500B46191 /* InbodyDataInputView.swift in Sources */,
				1B695C942AE8DA8C00A497D7 /* AnimatedImageView.swift in Sources */,
				1BFACFE82AD7D30F00AA106C /* ProfileModel.swift in Sources */,
				1B97E53E2AD91937007EC45B /* UpdateProfileView.swift in Sources */,
				1BFACFE42AD7C9EB00AA106C /* HomeView.swift in Sources */,
				1BFACFF02AD7D3E700AA106C /* Realm+Extensions.swift in Sources */,
				1BFACFF72AD7D79F00AA106C /* CreateProfileView.swift in Sources */,
				1B97E5462AD9346E007EC45B /* FirestorageDownloadUrlCacheModel.swift in Sources */,
				1B6584602ADF739E003C3A6F /* String+Extensions.swift in Sources */,
				1B02739A2ADE508800B46191 /* LongPressButtonView.swift in Sources */,
				1B97E5402AD922D3007EC45B /* TitleTextFieldView.swift in Sources */,
				1B0273982ADE198B00B46191 /* DoubleInputView.swift in Sources */,
				1B97E54E2ADCD3B1007EC45B /* ProfileImageView.swift in Sources */,
				1B97E53C2AD91319007EC45B /* ProfileDetailView.swift in Sources */,
				1BACDD022ADD14AC000E3AFE /* CustomError.swift in Sources */,
				1BFACFF92AD7E09900AA106C /* ProfileListView.swift in Sources */,
				1BFACFF22AD7D44300AA106C /* Realm.Object+Extensions.swift in Sources */,
				1B11B83F2AD66BEF00B0F5DB /* myinbodyApp.swift in Sources */,
				1BDF27C42AE0C1D800D32183 /* Date+Extensions.swift in Sources */,
				1BFACFF52AD7D55600AA106C /* FirebaseFirestoreHelper.swift in Sources */,
				1B97E5422AD92EEB007EC45B /* PhotoPickerView.swift in Sources */,
				1BCEFAD02AE639F300C91BD0 /* DataDetailView.swift in Sources */,
				1B65845E2ADF7021003C3A6F /* NumberInputView.swift in Sources */,
				1B11B8922AD6884800B0F5DB /* SignInView.swift in Sources */,
			);
			runOnlyForDeploymentPostprocessing = 0;
		};
/* End PBXSourcesBuildPhase section */

/* Begin PBXVariantGroup section */
		1B11B8972AD7BAB800B0F5DB /* Localizable.strings */ = {
			isa = PBXVariantGroup;
			children = (
				1B11B8962AD7BAB800B0F5DB /* en */,
				1B11B8982AD7BAB900B0F5DB /* ko */,
			);
			name = Localizable.strings;
			sourceTree = "<group>";
		};
/* End PBXVariantGroup section */

/* Begin XCBuildConfiguration section */
		1B11B8472AD66BF000B0F5DB /* Debug */ = {
			isa = XCBuildConfiguration;
			buildSettings = {
				ALWAYS_SEARCH_USER_PATHS = NO;
				ASSETCATALOG_COMPILER_GENERATE_SWIFT_ASSET_SYMBOL_EXTENSIONS = YES;
				CLANG_ANALYZER_NONNULL = YES;
				CLANG_ANALYZER_NUMBER_OBJECT_CONVERSION = YES_AGGRESSIVE;
				CLANG_CXX_LANGUAGE_STANDARD = "gnu++20";
				CLANG_ENABLE_MODULES = YES;
				CLANG_ENABLE_OBJC_ARC = YES;
				CLANG_ENABLE_OBJC_WEAK = YES;
				CLANG_WARN_BLOCK_CAPTURE_AUTORELEASING = YES;
				CLANG_WARN_BOOL_CONVERSION = YES;
				CLANG_WARN_COMMA = YES;
				CLANG_WARN_CONSTANT_CONVERSION = YES;
				CLANG_WARN_DEPRECATED_OBJC_IMPLEMENTATIONS = YES;
				CLANG_WARN_DIRECT_OBJC_ISA_USAGE = YES_ERROR;
				CLANG_WARN_DOCUMENTATION_COMMENTS = YES;
				CLANG_WARN_EMPTY_BODY = YES;
				CLANG_WARN_ENUM_CONVERSION = YES;
				CLANG_WARN_INFINITE_RECURSION = YES;
				CLANG_WARN_INT_CONVERSION = YES;
				CLANG_WARN_NON_LITERAL_NULL_CONVERSION = YES;
				CLANG_WARN_OBJC_IMPLICIT_RETAIN_SELF = YES;
				CLANG_WARN_OBJC_LITERAL_CONVERSION = YES;
				CLANG_WARN_OBJC_ROOT_CLASS = YES_ERROR;
				CLANG_WARN_QUOTED_INCLUDE_IN_FRAMEWORK_HEADER = YES;
				CLANG_WARN_RANGE_LOOP_ANALYSIS = YES;
				CLANG_WARN_STRICT_PROTOTYPES = YES;
				CLANG_WARN_SUSPICIOUS_MOVE = YES;
				CLANG_WARN_UNGUARDED_AVAILABILITY = YES_AGGRESSIVE;
				CLANG_WARN_UNREACHABLE_CODE = YES;
				CLANG_WARN__DUPLICATE_METHOD_MATCH = YES;
				COPY_PHASE_STRIP = NO;
				DEBUG_INFORMATION_FORMAT = dwarf;
				ENABLE_STRICT_OBJC_MSGSEND = YES;
				ENABLE_TESTABILITY = YES;
				ENABLE_USER_SCRIPT_SANDBOXING = YES;
				GCC_C_LANGUAGE_STANDARD = gnu17;
				GCC_DYNAMIC_NO_PIC = NO;
				GCC_NO_COMMON_BLOCKS = YES;
				GCC_OPTIMIZATION_LEVEL = 0;
				GCC_PREPROCESSOR_DEFINITIONS = (
					"DEBUG=1",
					"$(inherited)",
				);
				GCC_WARN_64_TO_32_BIT_CONVERSION = YES;
				GCC_WARN_ABOUT_RETURN_TYPE = YES_ERROR;
				GCC_WARN_UNDECLARED_SELECTOR = YES;
				GCC_WARN_UNINITIALIZED_AUTOS = YES_AGGRESSIVE;
				GCC_WARN_UNUSED_FUNCTION = YES;
				GCC_WARN_UNUSED_VARIABLE = YES;
				IPHONEOS_DEPLOYMENT_TARGET = 17.0;
				LOCALIZATION_PREFERS_STRING_CATALOGS = YES;
				MTL_ENABLE_DEBUG_INFO = INCLUDE_SOURCE;
				MTL_FAST_MATH = YES;
				ONLY_ACTIVE_ARCH = YES;
				SDKROOT = iphoneos;
				SWIFT_ACTIVE_COMPILATION_CONDITIONS = "DEBUG $(inherited)";
				SWIFT_OPTIMIZATION_LEVEL = "-Onone";
			};
			name = Debug;
		};
		1B11B8482AD66BF000B0F5DB /* Release */ = {
			isa = XCBuildConfiguration;
			buildSettings = {
				ALWAYS_SEARCH_USER_PATHS = NO;
				ASSETCATALOG_COMPILER_GENERATE_SWIFT_ASSET_SYMBOL_EXTENSIONS = YES;
				CLANG_ANALYZER_NONNULL = YES;
				CLANG_ANALYZER_NUMBER_OBJECT_CONVERSION = YES_AGGRESSIVE;
				CLANG_CXX_LANGUAGE_STANDARD = "gnu++20";
				CLANG_ENABLE_MODULES = YES;
				CLANG_ENABLE_OBJC_ARC = YES;
				CLANG_ENABLE_OBJC_WEAK = YES;
				CLANG_WARN_BLOCK_CAPTURE_AUTORELEASING = YES;
				CLANG_WARN_BOOL_CONVERSION = YES;
				CLANG_WARN_COMMA = YES;
				CLANG_WARN_CONSTANT_CONVERSION = YES;
				CLANG_WARN_DEPRECATED_OBJC_IMPLEMENTATIONS = YES;
				CLANG_WARN_DIRECT_OBJC_ISA_USAGE = YES_ERROR;
				CLANG_WARN_DOCUMENTATION_COMMENTS = YES;
				CLANG_WARN_EMPTY_BODY = YES;
				CLANG_WARN_ENUM_CONVERSION = YES;
				CLANG_WARN_INFINITE_RECURSION = YES;
				CLANG_WARN_INT_CONVERSION = YES;
				CLANG_WARN_NON_LITERAL_NULL_CONVERSION = YES;
				CLANG_WARN_OBJC_IMPLICIT_RETAIN_SELF = YES;
				CLANG_WARN_OBJC_LITERAL_CONVERSION = YES;
				CLANG_WARN_OBJC_ROOT_CLASS = YES_ERROR;
				CLANG_WARN_QUOTED_INCLUDE_IN_FRAMEWORK_HEADER = YES;
				CLANG_WARN_RANGE_LOOP_ANALYSIS = YES;
				CLANG_WARN_STRICT_PROTOTYPES = YES;
				CLANG_WARN_SUSPICIOUS_MOVE = YES;
				CLANG_WARN_UNGUARDED_AVAILABILITY = YES_AGGRESSIVE;
				CLANG_WARN_UNREACHABLE_CODE = YES;
				CLANG_WARN__DUPLICATE_METHOD_MATCH = YES;
				COPY_PHASE_STRIP = NO;
				DEBUG_INFORMATION_FORMAT = "dwarf-with-dsym";
				ENABLE_NS_ASSERTIONS = NO;
				ENABLE_STRICT_OBJC_MSGSEND = YES;
				ENABLE_USER_SCRIPT_SANDBOXING = YES;
				GCC_C_LANGUAGE_STANDARD = gnu17;
				GCC_NO_COMMON_BLOCKS = YES;
				GCC_WARN_64_TO_32_BIT_CONVERSION = YES;
				GCC_WARN_ABOUT_RETURN_TYPE = YES_ERROR;
				GCC_WARN_UNDECLARED_SELECTOR = YES;
				GCC_WARN_UNINITIALIZED_AUTOS = YES_AGGRESSIVE;
				GCC_WARN_UNUSED_FUNCTION = YES;
				GCC_WARN_UNUSED_VARIABLE = YES;
				IPHONEOS_DEPLOYMENT_TARGET = 17.0;
				LOCALIZATION_PREFERS_STRING_CATALOGS = YES;
				MTL_ENABLE_DEBUG_INFO = NO;
				MTL_FAST_MATH = YES;
				SDKROOT = iphoneos;
				SWIFT_COMPILATION_MODE = wholemodule;
				VALIDATE_PRODUCT = YES;
			};
			name = Release;
		};
		1B11B84A2AD66BF000B0F5DB /* Debug */ = {
			isa = XCBuildConfiguration;
			buildSettings = {
				ASSETCATALOG_COMPILER_APPICON_NAME = AppIcon;
				ASSETCATALOG_COMPILER_GLOBAL_ACCENT_COLOR_NAME = AccentColor;
				ASSETCATALOG_COMPILER_INCLUDE_ALL_APPICON_ASSETS = NO;
				CODE_SIGN_ENTITLEMENTS = myinbody/myinbody.entitlements;
				CODE_SIGN_STYLE = Automatic;
				CURRENT_PROJECT_VERSION = 1;
				DEVELOPMENT_ASSET_PATHS = "\"myinbody/Preview Content\"";
				DEVELOPMENT_TEAM = QU9EPTU238;
				ENABLE_PREVIEWS = YES;
				GENERATE_INFOPLIST_FILE = YES;
				INFOPLIST_FILE = myinbody/Info.plist;
				INFOPLIST_KEY_LSApplicationCategoryType = "public.app-category.healthcare-fitness";
				INFOPLIST_KEY_UIApplicationSceneManifest_Generation = YES;
				INFOPLIST_KEY_UIApplicationSupportsIndirectInputEvents = YES;
				INFOPLIST_KEY_UILaunchStoryboardName = "Launch Screen.storyboard";
				INFOPLIST_KEY_UISupportedInterfaceOrientations = "UIInterfaceOrientationLandscapeLeft UIInterfaceOrientationLandscapeRight UIInterfaceOrientationPortrait UIInterfaceOrientationPortraitUpsideDown";
				LD_RUNPATH_SEARCH_PATHS = (
					"$(inherited)",
					"@executable_path/Frameworks",
				);
				MARKETING_VERSION = 1.0.0;
				PRODUCT_BUNDLE_IDENTIFIER = net.kongbaguni.myinbody;
				PRODUCT_NAME = "$(TARGET_NAME)";
				SWIFT_EMIT_LOC_STRINGS = YES;
				SWIFT_VERSION = 5.0;
				TARGETED_DEVICE_FAMILY = "1,2";
			};
			name = Debug;
		};
		1B11B84B2AD66BF000B0F5DB /* Release */ = {
			isa = XCBuildConfiguration;
			buildSettings = {
				ASSETCATALOG_COMPILER_APPICON_NAME = AppIcon;
				ASSETCATALOG_COMPILER_GLOBAL_ACCENT_COLOR_NAME = AccentColor;
				ASSETCATALOG_COMPILER_INCLUDE_ALL_APPICON_ASSETS = NO;
				CODE_SIGN_ENTITLEMENTS = myinbody/myinbody.entitlements;
				CODE_SIGN_STYLE = Automatic;
				CURRENT_PROJECT_VERSION = 1;
				DEVELOPMENT_ASSET_PATHS = "\"myinbody/Preview Content\"";
				DEVELOPMENT_TEAM = QU9EPTU238;
				ENABLE_PREVIEWS = YES;
				GENERATE_INFOPLIST_FILE = YES;
				INFOPLIST_FILE = myinbody/Info.plist;
				INFOPLIST_KEY_LSApplicationCategoryType = "public.app-category.healthcare-fitness";
				INFOPLIST_KEY_UIApplicationSceneManifest_Generation = YES;
				INFOPLIST_KEY_UIApplicationSupportsIndirectInputEvents = YES;
				INFOPLIST_KEY_UILaunchStoryboardName = "Launch Screen.storyboard";
				INFOPLIST_KEY_UISupportedInterfaceOrientations = "UIInterfaceOrientationLandscapeLeft UIInterfaceOrientationLandscapeRight UIInterfaceOrientationPortrait UIInterfaceOrientationPortraitUpsideDown";
				LD_RUNPATH_SEARCH_PATHS = (
					"$(inherited)",
					"@executable_path/Frameworks",
				);
				MARKETING_VERSION = 1.0.0;
				PRODUCT_BUNDLE_IDENTIFIER = net.kongbaguni.myinbody;
				PRODUCT_NAME = "$(TARGET_NAME)";
				SWIFT_EMIT_LOC_STRINGS = YES;
				SWIFT_VERSION = 5.0;
				TARGETED_DEVICE_FAMILY = "1,2";
			};
			name = Release;
		};
/* End XCBuildConfiguration section */

/* Begin XCConfigurationList section */
		1B11B8362AD66BEF00B0F5DB /* Build configuration list for PBXProject "myinbody" */ = {
			isa = XCConfigurationList;
			buildConfigurations = (
				1B11B8472AD66BF000B0F5DB /* Debug */,
				1B11B8482AD66BF000B0F5DB /* Release */,
			);
			defaultConfigurationIsVisible = 0;
			defaultConfigurationName = Release;
		};
		1B11B8492AD66BF000B0F5DB /* Build configuration list for PBXNativeTarget "myinbody" */ = {
			isa = XCConfigurationList;
			buildConfigurations = (
				1B11B84A2AD66BF000B0F5DB /* Debug */,
				1B11B84B2AD66BF000B0F5DB /* Release */,
			);
			defaultConfigurationIsVisible = 0;
			defaultConfigurationName = Release;
		};
/* End XCConfigurationList section */

/* Begin XCRemoteSwiftPackageReference section */
		1B11B84F2AD67F7400B0F5DB /* XCRemoteSwiftPackageReference "firebase-ios-sdk" */ = {
			isa = XCRemoteSwiftPackageReference;
			repositoryURL = "https://github.com/firebase/firebase-ios-sdk";
			requirement = {
				kind = upToNextMajorVersion;
				minimumVersion = 10.16.0;
			};
		};
		1B11B8862AD682C700B0F5DB /* XCRemoteSwiftPackageReference "GoogleSignIn-ios" */ = {
			isa = XCRemoteSwiftPackageReference;
			repositoryURL = "https://github.com/google/GoogleSignIn-ios.git";
			requirement = {
				kind = upToNextMajorVersion;
				minimumVersion = 7.0.0;
			};
		};
		1B97E5472ADCC62B007EC45B /* XCRemoteSwiftPackageReference "AlamofireImage" */ = {
			isa = XCRemoteSwiftPackageReference;
			repositoryURL = "https://github.com/Alamofire/AlamofireImage.git";
			requirement = {
				kind = upToNextMajorVersion;
				minimumVersion = 4.3.0;
			};
		};
		1B97E54A2ADCD32B007EC45B /* XCRemoteSwiftPackageReference "swiftui-cached-async-image" */ = {
			isa = XCRemoteSwiftPackageReference;
			repositoryURL = "https://github.com/lorenzofiamingo/swiftui-cached-async-image";
			requirement = {
				kind = upToNextMajorVersion;
				minimumVersion = 2.1.1;
			};
		};
		1BACDCFC2ADCFC2F000E3AFE /* XCRemoteSwiftPackageReference "ActivityIndicatorView" */ = {
			isa = XCRemoteSwiftPackageReference;
			repositoryURL = "https://github.com/exyte/ActivityIndicatorView.git";
			requirement = {
				kind = upToNextMajorVersion;
				minimumVersion = 1.1.1;
			};
		};
		1BFACFE92AD7D33D00AA106C /* XCRemoteSwiftPackageReference "realm-swift" */ = {
			isa = XCRemoteSwiftPackageReference;
			repositoryURL = "https://github.com/realm/realm-swift.git";
			requirement = {
				branch = master;
				kind = branch;
			};
		};
/* End XCRemoteSwiftPackageReference section */

/* Begin XCSwiftPackageProductDependency section */
		1B11B8502AD67F7400B0F5DB /* FirebaseAnalytics */ = {
			isa = XCSwiftPackageProductDependency;
			package = 1B11B84F2AD67F7400B0F5DB /* XCRemoteSwiftPackageReference "firebase-ios-sdk" */;
			productName = FirebaseAnalytics;
		};
		1B11B8522AD67F7400B0F5DB /* FirebaseAnalyticsOnDeviceConversion */ = {
			isa = XCSwiftPackageProductDependency;
			package = 1B11B84F2AD67F7400B0F5DB /* XCRemoteSwiftPackageReference "firebase-ios-sdk" */;
			productName = FirebaseAnalyticsOnDeviceConversion;
		};
		1B11B8542AD67F7400B0F5DB /* FirebaseAnalyticsSwift */ = {
			isa = XCSwiftPackageProductDependency;
			package = 1B11B84F2AD67F7400B0F5DB /* XCRemoteSwiftPackageReference "firebase-ios-sdk" */;
			productName = FirebaseAnalyticsSwift;
		};
		1B11B8562AD67F7400B0F5DB /* FirebaseAnalyticsWithoutAdIdSupport */ = {
			isa = XCSwiftPackageProductDependency;
			package = 1B11B84F2AD67F7400B0F5DB /* XCRemoteSwiftPackageReference "firebase-ios-sdk" */;
			productName = FirebaseAnalyticsWithoutAdIdSupport;
		};
		1B11B8582AD67F7400B0F5DB /* FirebaseAppCheck */ = {
			isa = XCSwiftPackageProductDependency;
			package = 1B11B84F2AD67F7400B0F5DB /* XCRemoteSwiftPackageReference "firebase-ios-sdk" */;
			productName = FirebaseAppCheck;
		};
		1B11B85A2AD67F7400B0F5DB /* FirebaseAppDistribution-Beta */ = {
			isa = XCSwiftPackageProductDependency;
			package = 1B11B84F2AD67F7400B0F5DB /* XCRemoteSwiftPackageReference "firebase-ios-sdk" */;
			productName = "FirebaseAppDistribution-Beta";
		};
		1B11B85C2AD67F7400B0F5DB /* FirebaseAuth */ = {
			isa = XCSwiftPackageProductDependency;
			package = 1B11B84F2AD67F7400B0F5DB /* XCRemoteSwiftPackageReference "firebase-ios-sdk" */;
			productName = FirebaseAuth;
		};
		1B11B85E2AD67F7400B0F5DB /* FirebaseAuthCombine-Community */ = {
			isa = XCSwiftPackageProductDependency;
			package = 1B11B84F2AD67F7400B0F5DB /* XCRemoteSwiftPackageReference "firebase-ios-sdk" */;
			productName = "FirebaseAuthCombine-Community";
		};
		1B11B8602AD67F7400B0F5DB /* FirebaseCrashlytics */ = {
			isa = XCSwiftPackageProductDependency;
			package = 1B11B84F2AD67F7400B0F5DB /* XCRemoteSwiftPackageReference "firebase-ios-sdk" */;
			productName = FirebaseCrashlytics;
		};
		1B11B8622AD67F7400B0F5DB /* FirebaseDatabase */ = {
			isa = XCSwiftPackageProductDependency;
			package = 1B11B84F2AD67F7400B0F5DB /* XCRemoteSwiftPackageReference "firebase-ios-sdk" */;
			productName = FirebaseDatabase;
		};
		1B11B8642AD67F7400B0F5DB /* FirebaseDatabaseSwift */ = {
			isa = XCSwiftPackageProductDependency;
			package = 1B11B84F2AD67F7400B0F5DB /* XCRemoteSwiftPackageReference "firebase-ios-sdk" */;
			productName = FirebaseDatabaseSwift;
		};
		1B11B8662AD67F7400B0F5DB /* FirebaseDynamicLinks */ = {
			isa = XCSwiftPackageProductDependency;
			package = 1B11B84F2AD67F7400B0F5DB /* XCRemoteSwiftPackageReference "firebase-ios-sdk" */;
			productName = FirebaseDynamicLinks;
		};
		1B11B8682AD67F7400B0F5DB /* FirebaseFirestore */ = {
			isa = XCSwiftPackageProductDependency;
			package = 1B11B84F2AD67F7400B0F5DB /* XCRemoteSwiftPackageReference "firebase-ios-sdk" */;
			productName = FirebaseFirestore;
		};
		1B11B86A2AD67F7400B0F5DB /* FirebaseFirestoreCombine-Community */ = {
			isa = XCSwiftPackageProductDependency;
			package = 1B11B84F2AD67F7400B0F5DB /* XCRemoteSwiftPackageReference "firebase-ios-sdk" */;
			productName = "FirebaseFirestoreCombine-Community";
		};
		1B11B86C2AD67F7400B0F5DB /* FirebaseFirestoreSwift */ = {
			isa = XCSwiftPackageProductDependency;
			package = 1B11B84F2AD67F7400B0F5DB /* XCRemoteSwiftPackageReference "firebase-ios-sdk" */;
			productName = FirebaseFirestoreSwift;
		};
		1B11B86E2AD67F7400B0F5DB /* FirebaseFunctions */ = {
			isa = XCSwiftPackageProductDependency;
			package = 1B11B84F2AD67F7400B0F5DB /* XCRemoteSwiftPackageReference "firebase-ios-sdk" */;
			productName = FirebaseFunctions;
		};
		1B11B8702AD67F7400B0F5DB /* FirebaseFunctionsCombine-Community */ = {
			isa = XCSwiftPackageProductDependency;
			package = 1B11B84F2AD67F7400B0F5DB /* XCRemoteSwiftPackageReference "firebase-ios-sdk" */;
			productName = "FirebaseFunctionsCombine-Community";
		};
		1B11B8722AD67F7400B0F5DB /* FirebaseInAppMessaging-Beta */ = {
			isa = XCSwiftPackageProductDependency;
			package = 1B11B84F2AD67F7400B0F5DB /* XCRemoteSwiftPackageReference "firebase-ios-sdk" */;
			productName = "FirebaseInAppMessaging-Beta";
		};
		1B11B8742AD67F7400B0F5DB /* FirebaseInAppMessagingSwift-Beta */ = {
			isa = XCSwiftPackageProductDependency;
			package = 1B11B84F2AD67F7400B0F5DB /* XCRemoteSwiftPackageReference "firebase-ios-sdk" */;
			productName = "FirebaseInAppMessagingSwift-Beta";
		};
		1B11B8762AD67F7400B0F5DB /* FirebaseInstallations */ = {
			isa = XCSwiftPackageProductDependency;
			package = 1B11B84F2AD67F7400B0F5DB /* XCRemoteSwiftPackageReference "firebase-ios-sdk" */;
			productName = FirebaseInstallations;
		};
		1B11B8782AD67F7400B0F5DB /* FirebaseMLModelDownloader */ = {
			isa = XCSwiftPackageProductDependency;
			package = 1B11B84F2AD67F7400B0F5DB /* XCRemoteSwiftPackageReference "firebase-ios-sdk" */;
			productName = FirebaseMLModelDownloader;
		};
		1B11B87A2AD67F7400B0F5DB /* FirebaseMessaging */ = {
			isa = XCSwiftPackageProductDependency;
			package = 1B11B84F2AD67F7400B0F5DB /* XCRemoteSwiftPackageReference "firebase-ios-sdk" */;
			productName = FirebaseMessaging;
		};
		1B11B87C2AD67F7400B0F5DB /* FirebasePerformance */ = {
			isa = XCSwiftPackageProductDependency;
			package = 1B11B84F2AD67F7400B0F5DB /* XCRemoteSwiftPackageReference "firebase-ios-sdk" */;
			productName = FirebasePerformance;
		};
		1B11B87E2AD67F7400B0F5DB /* FirebaseRemoteConfig */ = {
			isa = XCSwiftPackageProductDependency;
			package = 1B11B84F2AD67F7400B0F5DB /* XCRemoteSwiftPackageReference "firebase-ios-sdk" */;
			productName = FirebaseRemoteConfig;
		};
		1B11B8802AD67F7400B0F5DB /* FirebaseRemoteConfigSwift */ = {
			isa = XCSwiftPackageProductDependency;
			package = 1B11B84F2AD67F7400B0F5DB /* XCRemoteSwiftPackageReference "firebase-ios-sdk" */;
			productName = FirebaseRemoteConfigSwift;
		};
		1B11B8822AD67F7400B0F5DB /* FirebaseStorage */ = {
			isa = XCSwiftPackageProductDependency;
			package = 1B11B84F2AD67F7400B0F5DB /* XCRemoteSwiftPackageReference "firebase-ios-sdk" */;
			productName = FirebaseStorage;
		};
		1B11B8842AD67F7400B0F5DB /* FirebaseStorageCombine-Community */ = {
			isa = XCSwiftPackageProductDependency;
			package = 1B11B84F2AD67F7400B0F5DB /* XCRemoteSwiftPackageReference "firebase-ios-sdk" */;
			productName = "FirebaseStorageCombine-Community";
		};
		1B11B8872AD682C700B0F5DB /* GoogleSignIn */ = {
			isa = XCSwiftPackageProductDependency;
			package = 1B11B8862AD682C700B0F5DB /* XCRemoteSwiftPackageReference "GoogleSignIn-ios" */;
			productName = GoogleSignIn;
		};
		1B11B8892AD682C700B0F5DB /* GoogleSignInSwift */ = {
			isa = XCSwiftPackageProductDependency;
			package = 1B11B8862AD682C700B0F5DB /* XCRemoteSwiftPackageReference "GoogleSignIn-ios" */;
			productName = GoogleSignInSwift;
		};
		1B97E5482ADCC62B007EC45B /* AlamofireImage */ = {
			isa = XCSwiftPackageProductDependency;
			package = 1B97E5472ADCC62B007EC45B /* XCRemoteSwiftPackageReference "AlamofireImage" */;
			productName = AlamofireImage;
		};
		1B97E54B2ADCD32B007EC45B /* CachedAsyncImage */ = {
			isa = XCSwiftPackageProductDependency;
			package = 1B97E54A2ADCD32B007EC45B /* XCRemoteSwiftPackageReference "swiftui-cached-async-image" */;
			productName = CachedAsyncImage;
		};
		1BACDCFD2ADCFC30000E3AFE /* ActivityIndicatorView */ = {
			isa = XCSwiftPackageProductDependency;
			package = 1BACDCFC2ADCFC2F000E3AFE /* XCRemoteSwiftPackageReference "ActivityIndicatorView" */;
			productName = ActivityIndicatorView;
		};
		1BFACFEA2AD7D33D00AA106C /* Realm */ = {
			isa = XCSwiftPackageProductDependency;
			package = 1BFACFE92AD7D33D00AA106C /* XCRemoteSwiftPackageReference "realm-swift" */;
			productName = Realm;
		};
		1BFACFEC2AD7D33D00AA106C /* RealmSwift */ = {
			isa = XCSwiftPackageProductDependency;
			package = 1BFACFE92AD7D33D00AA106C /* XCRemoteSwiftPackageReference "realm-swift" */;
			productName = RealmSwift;
		};
/* End XCSwiftPackageProductDependency section */
	};
	rootObject = 1B11B8332AD66BEF00B0F5DB /* Project object */;
}
